
Microsoft Visual Studio Solution File, Format Version 12.00
# Visual Studio Version 16
VisualStudioVersion = 16.0.29123.88
MinimumVisualStudioVersion = 10.0.40219.1
Project("{9A19103F-16F7-4668-BE54-9A1E7A4F7556}") = "VideoSource", "VideoSource\VideoSource.csproj", "{DABB69DD-30F1-47E3-949C-2D6748D47F2B}"
EndProject
Project("{9A19103F-16F7-4668-BE54-9A1E7A4F7556}") = "PositionPrediction", "PositionPrediction\PositionPrediction.csproj", "{0DDAAE52-6A20-48AA-9D5D-67662D7A82FF}"
EndProject
Project("{9A19103F-16F7-4668-BE54-9A1E7A4F7556}") = "Communication", "Communication\Communication.csproj", "{EB49510D-D168-429F-BA8A-255F7CB53B84}"
EndProject
Project("{9A19103F-16F7-4668-BE54-9A1E7A4F7556}") = "Calibration", "Calibration\Calibration.csproj", "{0BD7E732-9874-43AF-BFC5-273EA30356F6}"
EndProject
Project("{9A19103F-16F7-4668-BE54-9A1E7A4F7556}") = "GameController", "GameController\GameController.csproj", "{768221EA-AEDD-45E5-8A42-00C2420CF60A}"
EndProject
Project("{9A19103F-16F7-4668-BE54-9A1E7A4F7556}") = "Game", "Game\Game.csproj", "{E7F3AD65-55A9-439E-AFB4-3CB87E4FDC5D}"
EndProject
Project("{9A19103F-16F7-4668-BE54-9A1E7A4F7556}") = "Webapp", "Webapp\Webapp.csproj", "{7C1BAFC0-DF1C-4FA5-8588-CCCC41C24B9C}"
EndProject
Project("{8BC9CEB8-8B4A-11D0-8D11-00A0C91BC942}") = "DalsaVideoSource", "DalsaVideoSource\DalsaVideoSource.vcxproj", "{A2047211-A53A-4942-AC4C-19898F647B60}"
EndProject
Project("{2150E333-8FDC-42A3-9474-1A3956D46DE8}") = "Solution Items", "Solution Items", "{A4A2BDAA-3738-4C19-8B3F-D6967095F6AA}"
	ProjectSection(SolutionItems) = preProject
		.editorconfig = .editorconfig
		README.md = README.md
	EndProjectSection
EndProject
Project("{9A19103F-16F7-4668-BE54-9A1E7A4F7556}") = "ImageProcessingNew", "ImageProcessingNew\ImageProcessingNew.csproj", "{2F78B187-6424-4E4D-8878-10669B327784}"
EndProject
Project("{9A19103F-16F7-4668-BE54-9A1E7A4F7556}") = "Configuration", "Configuration\Configuration.csproj", "{7CEC4273-D715-459F-BE75-13A8DB9A43B7}"
EndProject
Global
	GlobalSection(SolutionConfigurationPlatforms) = preSolution
		Debug|Any CPU = Debug|Any CPU
		Debug|x64 = Debug|x64
		Debug|x86 = Debug|x86
		Release|Any CPU = Release|Any CPU
		Release|x64 = Release|x64
		Release|x86 = Release|x86
	EndGlobalSection
	GlobalSection(ProjectConfigurationPlatforms) = postSolution
		{DABB69DD-30F1-47E3-949C-2D6748D47F2B}.Debug|Any CPU.ActiveCfg = Debug|Any CPU
		{DABB69DD-30F1-47E3-949C-2D6748D47F2B}.Debug|Any CPU.Build.0 = Debug|Any CPU
		{DABB69DD-30F1-47E3-949C-2D6748D47F2B}.Debug|x64.ActiveCfg = Debug|Any CPU
		{DABB69DD-30F1-47E3-949C-2D6748D47F2B}.Debug|x64.Build.0 = Debug|Any CPU
		{DABB69DD-30F1-47E3-949C-2D6748D47F2B}.Debug|x86.ActiveCfg = Debug|Any CPU
		{DABB69DD-30F1-47E3-949C-2D6748D47F2B}.Debug|x86.Build.0 = Debug|Any CPU
		{DABB69DD-30F1-47E3-949C-2D6748D47F2B}.Release|Any CPU.ActiveCfg = Release|Any CPU
		{DABB69DD-30F1-47E3-949C-2D6748D47F2B}.Release|Any CPU.Build.0 = Release|Any CPU
		{DABB69DD-30F1-47E3-949C-2D6748D47F2B}.Release|x64.ActiveCfg = Release|Any CPU
		{DABB69DD-30F1-47E3-949C-2D6748D47F2B}.Release|x64.Build.0 = Release|Any CPU
		{DABB69DD-30F1-47E3-949C-2D6748D47F2B}.Release|x86.ActiveCfg = Release|Any CPU
		{DABB69DD-30F1-47E3-949C-2D6748D47F2B}.Release|x86.Build.0 = Release|Any CPU
		{0DDAAE52-6A20-48AA-9D5D-67662D7A82FF}.Debug|Any CPU.ActiveCfg = Debug|Any CPU
		{0DDAAE52-6A20-48AA-9D5D-67662D7A82FF}.Debug|Any CPU.Build.0 = Debug|Any CPU
		{0DDAAE52-6A20-48AA-9D5D-67662D7A82FF}.Debug|x64.ActiveCfg = Debug|Any CPU
		{0DDAAE52-6A20-48AA-9D5D-67662D7A82FF}.Debug|x64.Build.0 = Debug|Any CPU
		{0DDAAE52-6A20-48AA-9D5D-67662D7A82FF}.Debug|x86.ActiveCfg = Debug|Any CPU
		{0DDAAE52-6A20-48AA-9D5D-67662D7A82FF}.Debug|x86.Build.0 = Debug|Any CPU
		{0DDAAE52-6A20-48AA-9D5D-67662D7A82FF}.Release|Any CPU.ActiveCfg = Release|Any CPU
		{0DDAAE52-6A20-48AA-9D5D-67662D7A82FF}.Release|Any CPU.Build.0 = Release|Any CPU
		{0DDAAE52-6A20-48AA-9D5D-67662D7A82FF}.Release|x64.ActiveCfg = Release|Any CPU
		{0DDAAE52-6A20-48AA-9D5D-67662D7A82FF}.Release|x64.Build.0 = Release|Any CPU
		{0DDAAE52-6A20-48AA-9D5D-67662D7A82FF}.Release|x86.ActiveCfg = Release|Any CPU
		{0DDAAE52-6A20-48AA-9D5D-67662D7A82FF}.Release|x86.Build.0 = Release|Any CPU
		{EB49510D-D168-429F-BA8A-255F7CB53B84}.Debug|Any CPU.ActiveCfg = Debug|Any CPU
		{EB49510D-D168-429F-BA8A-255F7CB53B84}.Debug|Any CPU.Build.0 = Debug|Any CPU
		{EB49510D-D168-429F-BA8A-255F7CB53B84}.Debug|x64.ActiveCfg = Debug|Any CPU
		{EB49510D-D168-429F-BA8A-255F7CB53B84}.Debug|x64.Build.0 = Debug|Any CPU
		{EB49510D-D168-429F-BA8A-255F7CB53B84}.Debug|x86.ActiveCfg = Debug|Any CPU
		{EB49510D-D168-429F-BA8A-255F7CB53B84}.Debug|x86.Build.0 = Debug|Any CPU
		{EB49510D-D168-429F-BA8A-255F7CB53B84}.Release|Any CPU.ActiveCfg = Release|Any CPU
		{EB49510D-D168-429F-BA8A-255F7CB53B84}.Release|Any CPU.Build.0 = Release|Any CPU
		{EB49510D-D168-429F-BA8A-255F7CB53B84}.Release|x64.ActiveCfg = Release|Any CPU
		{EB49510D-D168-429F-BA8A-255F7CB53B84}.Release|x64.Build.0 = Release|Any CPU
		{EB49510D-D168-429F-BA8A-255F7CB53B84}.Release|x86.ActiveCfg = Release|Any CPU
		{EB49510D-D168-429F-BA8A-255F7CB53B84}.Release|x86.Build.0 = Release|Any CPU
		{0BD7E732-9874-43AF-BFC5-273EA30356F6}.Debug|Any CPU.ActiveCfg = Debug|Any CPU
		{0BD7E732-9874-43AF-BFC5-273EA30356F6}.Debug|Any CPU.Build.0 = Debug|Any CPU
		{0BD7E732-9874-43AF-BFC5-273EA30356F6}.Debug|x64.ActiveCfg = Debug|Any CPU
		{0BD7E732-9874-43AF-BFC5-273EA30356F6}.Debug|x64.Build.0 = Debug|Any CPU
		{0BD7E732-9874-43AF-BFC5-273EA30356F6}.Debug|x86.ActiveCfg = Debug|Any CPU
		{0BD7E732-9874-43AF-BFC5-273EA30356F6}.Debug|x86.Build.0 = Debug|Any CPU
		{0BD7E732-9874-43AF-BFC5-273EA30356F6}.Release|Any CPU.ActiveCfg = Release|Any CPU
		{0BD7E732-9874-43AF-BFC5-273EA30356F6}.Release|Any CPU.Build.0 = Release|Any CPU
		{0BD7E732-9874-43AF-BFC5-273EA30356F6}.Release|x64.ActiveCfg = Release|Any CPU
		{0BD7E732-9874-43AF-BFC5-273EA30356F6}.Release|x64.Build.0 = Release|Any CPU
		{0BD7E732-9874-43AF-BFC5-273EA30356F6}.Release|x86.ActiveCfg = Release|Any CPU
		{0BD7E732-9874-43AF-BFC5-273EA30356F6}.Release|x86.Build.0 = Release|Any CPU
		{768221EA-AEDD-45E5-8A42-00C2420CF60A}.Debug|Any CPU.ActiveCfg = Debug|Any CPU
		{768221EA-AEDD-45E5-8A42-00C2420CF60A}.Debug|Any CPU.Build.0 = Debug|Any CPU
		{768221EA-AEDD-45E5-8A42-00C2420CF60A}.Debug|x64.ActiveCfg = Debug|Any CPU
		{768221EA-AEDD-45E5-8A42-00C2420CF60A}.Debug|x64.Build.0 = Debug|Any CPU
		{768221EA-AEDD-45E5-8A42-00C2420CF60A}.Debug|x86.ActiveCfg = Debug|Any CPU
		{768221EA-AEDD-45E5-8A42-00C2420CF60A}.Debug|x86.Build.0 = Debug|Any CPU
		{768221EA-AEDD-45E5-8A42-00C2420CF60A}.Release|Any CPU.ActiveCfg = Release|Any CPU
		{768221EA-AEDD-45E5-8A42-00C2420CF60A}.Release|Any CPU.Build.0 = Release|Any CPU
		{768221EA-AEDD-45E5-8A42-00C2420CF60A}.Release|x64.ActiveCfg = Release|Any CPU
		{768221EA-AEDD-45E5-8A42-00C2420CF60A}.Release|x64.Build.0 = Release|Any CPU
		{768221EA-AEDD-45E5-8A42-00C2420CF60A}.Release|x86.ActiveCfg = Release|Any CPU
		{768221EA-AEDD-45E5-8A42-00C2420CF60A}.Release|x86.Build.0 = Release|Any CPU
		{E7F3AD65-55A9-439E-AFB4-3CB87E4FDC5D}.Debug|Any CPU.ActiveCfg = Debug|Any CPU
		{E7F3AD65-55A9-439E-AFB4-3CB87E4FDC5D}.Debug|Any CPU.Build.0 = Debug|Any CPU
		{E7F3AD65-55A9-439E-AFB4-3CB87E4FDC5D}.Debug|x64.ActiveCfg = Debug|Any CPU
		{E7F3AD65-55A9-439E-AFB4-3CB87E4FDC5D}.Debug|x64.Build.0 = Debug|Any CPU
		{E7F3AD65-55A9-439E-AFB4-3CB87E4FDC5D}.Debug|x86.ActiveCfg = Debug|Any CPU
		{E7F3AD65-55A9-439E-AFB4-3CB87E4FDC5D}.Debug|x86.Build.0 = Debug|Any CPU
		{E7F3AD65-55A9-439E-AFB4-3CB87E4FDC5D}.Release|Any CPU.ActiveCfg = Release|Any CPU
		{E7F3AD65-55A9-439E-AFB4-3CB87E4FDC5D}.Release|Any CPU.Build.0 = Release|Any CPU
		{E7F3AD65-55A9-439E-AFB4-3CB87E4FDC5D}.Release|x64.ActiveCfg = Release|Any CPU
		{E7F3AD65-55A9-439E-AFB4-3CB87E4FDC5D}.Release|x64.Build.0 = Release|Any CPU
		{E7F3AD65-55A9-439E-AFB4-3CB87E4FDC5D}.Release|x86.ActiveCfg = Release|Any CPU
		{E7F3AD65-55A9-439E-AFB4-3CB87E4FDC5D}.Release|x86.Build.0 = Release|Any CPU
		{7C1BAFC0-DF1C-4FA5-8588-CCCC41C24B9C}.Debug|Any CPU.ActiveCfg = Debug|Any CPU
		{7C1BAFC0-DF1C-4FA5-8588-CCCC41C24B9C}.Debug|Any CPU.Build.0 = Debug|Any CPU
		{7C1BAFC0-DF1C-4FA5-8588-CCCC41C24B9C}.Debug|x64.ActiveCfg = Debug|Any CPU
		{7C1BAFC0-DF1C-4FA5-8588-CCCC41C24B9C}.Debug|x64.Build.0 = Debug|Any CPU
		{7C1BAFC0-DF1C-4FA5-8588-CCCC41C24B9C}.Debug|x86.ActiveCfg = Debug|Any CPU
		{7C1BAFC0-DF1C-4FA5-8588-CCCC41C24B9C}.Debug|x86.Build.0 = Debug|Any CPU
		{7C1BAFC0-DF1C-4FA5-8588-CCCC41C24B9C}.Release|Any CPU.ActiveCfg = Release|Any CPU
		{7C1BAFC0-DF1C-4FA5-8588-CCCC41C24B9C}.Release|Any CPU.Build.0 = Release|Any CPU
		{7C1BAFC0-DF1C-4FA5-8588-CCCC41C24B9C}.Release|x64.ActiveCfg = Release|Any CPU
		{7C1BAFC0-DF1C-4FA5-8588-CCCC41C24B9C}.Release|x64.Build.0 = Release|Any CPU
		{7C1BAFC0-DF1C-4FA5-8588-CCCC41C24B9C}.Release|x86.ActiveCfg = Release|Any CPU
		{7C1BAFC0-DF1C-4FA5-8588-CCCC41C24B9C}.Release|x86.Build.0 = Release|Any CPU
		{A2047211-A53A-4942-AC4C-19898F647B60}.Debug|Any CPU.ActiveCfg = Debug|x64
		{A2047211-A53A-4942-AC4C-19898F647B60}.Debug|x64.ActiveCfg = Debug|x64
		{A2047211-A53A-4942-AC4C-19898F647B60}.Debug|x86.ActiveCfg = Debug|Win32
		{A2047211-A53A-4942-AC4C-19898F647B60}.Release|Any CPU.ActiveCfg = Release|Win32
		{A2047211-A53A-4942-AC4C-19898F647B60}.Release|x64.ActiveCfg = Release|x64
		{A2047211-A53A-4942-AC4C-19898F647B60}.Release|x64.Build.0 = Release|x64
		{A2047211-A53A-4942-AC4C-19898F647B60}.Release|x86.ActiveCfg = Release|Win32
		{A2047211-A53A-4942-AC4C-19898F647B60}.Release|x86.Build.0 = Release|Win32
		{2F78B187-6424-4E4D-8878-10669B327784}.Debug|Any CPU.ActiveCfg = Debug|Any CPU
		{2F78B187-6424-4E4D-8878-10669B327784}.Debug|Any CPU.Build.0 = Debug|Any CPU
		{2F78B187-6424-4E4D-8878-10669B327784}.Debug|x64.ActiveCfg = Debug|Any CPU
		{2F78B187-6424-4E4D-8878-10669B327784}.Debug|x64.Build.0 = Debug|Any CPU
		{2F78B187-6424-4E4D-8878-10669B327784}.Debug|x86.ActiveCfg = Debug|Any CPU
		{2F78B187-6424-4E4D-8878-10669B327784}.Debug|x86.Build.0 = Debug|Any CPU
		{2F78B187-6424-4E4D-8878-10669B327784}.Release|Any CPU.ActiveCfg = Release|Any CPU
		{2F78B187-6424-4E4D-8878-10669B327784}.Release|Any CPU.Build.0 = Release|Any CPU
		{2F78B187-6424-4E4D-8878-10669B327784}.Release|x64.ActiveCfg = Release|Any CPU
		{2F78B187-6424-4E4D-8878-10669B327784}.Release|x64.Build.0 = Release|Any CPU
		{2F78B187-6424-4E4D-8878-10669B327784}.Release|x86.ActiveCfg = Release|Any CPU
		{2F78B187-6424-4E4D-8878-10669B327784}.Release|x86.Build.0 = Release|Any CPU
		{7CEC4273-D715-459F-BE75-13A8DB9A43B7}.Debug|Any CPU.ActiveCfg = Debug|Any CPU
		{7CEC4273-D715-459F-BE75-13A8DB9A43B7}.Debug|Any CPU.Build.0 = Debug|Any CPU
		{7CEC4273-D715-459F-BE75-13A8DB9A43B7}.Debug|x64.ActiveCfg = Debug|Any CPU
		{7CEC4273-D715-459F-BE75-13A8DB9A43B7}.Debug|x64.Build.0 = Debug|Any CPU
		{7CEC4273-D715-459F-BE75-13A8DB9A43B7}.Debug|x86.ActiveCfg = Debug|Any CPU
		{7CEC4273-D715-459F-BE75-13A8DB9A43B7}.Debug|x86.Build.0 = Debug|Any CPU
		{7CEC4273-D715-459F-BE75-13A8DB9A43B7}.Release|Any CPU.ActiveCfg = Release|Any CPU
		{7CEC4273-D715-459F-BE75-13A8DB9A43B7}.Release|Any CPU.Build.0 = Release|Any CPU
		{7CEC4273-D715-459F-BE75-13A8DB9A43B7}.Release|x64.ActiveCfg = Release|Any CPU
		{7CEC4273-D715-459F-BE75-13A8DB9A43B7}.Release|x64.Build.0 = Release|Any CPU
		{7CEC4273-D715-459F-BE75-13A8DB9A43B7}.Release|x86.ActiveCfg = Release|Any CPU
		{7CEC4273-D715-459F-BE75-13A8DB9A43B7}.Release|x86.Build.0 = Release|Any CPU
	EndGlobalSection
	GlobalSection(SolutionProperties) = preSolution
		HideSolutionNode = FALSE
	EndGlobalSection
	GlobalSection(ExtensibilityGlobals) = postSolution
		SolutionGuid = {E19FFF11-8359-40BC-B4C7-DE68BA98E37E}
	EndGlobalSection
EndGlobal
