
Microsoft Visual Studio Solution File, Format Version 12.00
# Visual Studio 15
VisualStudioVersion = 15.0.28307.572
MinimumVisualStudioVersion = 10.0.40219.1
Project("{FAE04EC0-301F-11D3-BF4B-00C04F79EFBC}") = "webapp", "webapp\webapp.csproj", "{6349FDBE-3D95-46D3-8AF3-8A68A694AD6B}"
EndProject
Global
	GlobalSection(SolutionConfigurationPlatforms) = preSolution
		Debug|Any CPU = Debug|Any CPU
		Release|Any CPU = Release|Any CPU
	EndGlobalSection
	GlobalSection(ProjectConfigurationPlatforms) = postSolution
		{6349FDBE-3D95-46D3-8AF3-8A68A694AD6B}.Debug|Any CPU.ActiveCfg = Debug|Any CPU
		{6349FDBE-3D95-46D3-8AF3-8A68A694AD6B}.Debug|Any CPU.Build.0 = Debug|Any CPU
		{6349FDBE-3D95-46D3-8AF3-8A68A694AD6B}.Release|Any CPU.ActiveCfg = Release|Any CPU
		{6349FDBE-3D95-46D3-8AF3-8A68A694AD6B}.Release|Any CPU.Build.0 = Release|Any CPU
	EndGlobalSection
	GlobalSection(SolutionProperties) = preSolution
		HideSolutionNode = FALSE
	EndGlobalSection
	GlobalSection(ExtensibilityGlobals) = postSolution
		SolutionGuid = {AF0BE3DE-EDD8-4910-94A9-CB3880BF399C}
	EndGlobalSection
EndGlobal
