
Microsoft Visual Studio Solution File, Format Version 12.00
# Visual Studio 15
VisualStudioVersion = 15.0.27130.2036
MinimumVisualStudioVersion = 10.0.40219.1
Project("{9A19103F-16F7-4668-BE54-9A1E7A4F7556}") = "Kicker", "Kicker\Kicker.csproj", "{3A5CA133-1B36-4EDE-9888-011DF15C7B32}"
EndProject
Project("{9A19103F-16F7-4668-BE54-9A1E7A4F7556}") = "VideoSource", "VideoSource\VideoSource.csproj", "{DABB69DD-30F1-47E3-949C-2D6748D47F2B}"
EndProject
Project("{9A19103F-16F7-4668-BE54-9A1E7A4F7556}") = "ImageProcessing", "ImageProcessing\ImageProcessing.csproj", "{C4BC378C-6BA2-4CB8-9CA7-06FC61BD068C}"
EndProject
Project("{9A19103F-16F7-4668-BE54-9A1E7A4F7556}") = "PluginSystem", "PluginSystem\PluginSystem.csproj", "{17F7D524-4A1F-424F-9EE7-B17E8C309003}"
EndProject
Project("{9A19103F-16F7-4668-BE54-9A1E7A4F7556}") = "PositionPrediction", "PositionPrediction\PositionPrediction.csproj", "{0DDAAE52-6A20-48AA-9D5D-67662D7A82FF}"
EndProject
Project("{9A19103F-16F7-4668-BE54-9A1E7A4F7556}") = "GlobalDataTypes", "GlobalDataTypes\GlobalDataTypes.csproj", "{BC83352D-0EBB-4F56-90AC-92C851B83B63}"
EndProject
Project("{9A19103F-16F7-4668-BE54-9A1E7A4F7556}") = "ObjectSearch", "ObjectSearch\ObjectSearch.csproj", "{AAF2AAA8-2789-4C83-B0A0-DF5C46E86BC9}"
EndProject
Project("{9A19103F-16F7-4668-BE54-9A1E7A4F7556}") = "Communication", "Communication\Communication.csproj", "{EB49510D-D168-429F-BA8A-255F7CB53B84}"
EndProject
Project("{9A19103F-16F7-4668-BE54-9A1E7A4F7556}") = "ObjectDetection", "ObjectDetection\ObjectDetection.csproj", "{5FDDFB58-BEFC-4A19-BBEC-39FAC06CAE20}"
EndProject
Project("{9A19103F-16F7-4668-BE54-9A1E7A4F7556}") = "VideoRecorder", "VideoRecorder\VideoRecorder.csproj", "{DA75D6F1-9F41-4838-A57C-92E3C0C3E1F0}"
EndProject
Project("{9A19103F-16F7-4668-BE54-9A1E7A4F7556}") = "DataProcessing", "DataProcessing\DataProcessing.csproj", "{39A1CD6B-56F8-4784-97A8-7B88F4BC20B1}"
EndProject
Project("{9A19103F-16F7-4668-BE54-9A1E7A4F7556}") = "Calibration", "Calibration\Calibration.csproj", "{0BD7E732-9874-43AF-BFC5-273EA30356F6}"
EndProject
Project("{9A19103F-16F7-4668-BE54-9A1E7A4F7556}") = "GameController", "GameController\GameController.csproj", "{768221EA-AEDD-45E5-8A42-00C2420CF60A}"
EndProject
Project("{9A19103F-16F7-4668-BE54-9A1E7A4F7556}") = "Coach", "Coach\Coach.csproj", "{6BD70958-8B0D-4C59-A43A-B1C30D78DC91}"
EndProject
Project("{9A19103F-16F7-4668-BE54-9A1E7A4F7556}") = "Logging", "Logging\Logging.csproj", "{C6DF55CC-4FC8-4C0C-AD11-2AD23D9F4FB3}"
EndProject
Project("{9A19103F-16F7-4668-BE54-9A1E7A4F7556}") = "ObjectSearchPreparation", "ObjectSearchPreparation\ObjectSearchPreparation.csproj", "{4A95797B-9260-40A5-92E0-3D9AD44F3C41}"
EndProject
Project("{9A19103F-16F7-4668-BE54-9A1E7A4F7556}") = "Game", "Game\Game.csproj", "{E7F3AD65-55A9-439E-AFB4-3CB87E4FDC5D}"
EndProject
Project("{9A19103F-16F7-4668-BE54-9A1E7A4F7556}") = "Utilities", "Utilities\Utilities.csproj", "{E128F7DF-8A1C-420B-8C6D-3F56481844E6}"
EndProject
Project("{9A19103F-16F7-4668-BE54-9A1E7A4F7556}") = "Webapp", "Webapp\Webapp.csproj", "{7C1BAFC0-DF1C-4FA5-8588-CCCC41C24B9C}"
EndProject
Global
	GlobalSection(SolutionConfigurationPlatforms) = preSolution
		Debug|Any CPU = Debug|Any CPU
		Debug|x64 = Debug|x64
		Debug|x86 = Debug|x86
		Release|Any CPU = Release|Any CPU
		Release|x64 = Release|x64
		Release|x86 = Release|x86
	EndGlobalSection
	GlobalSection(ProjectConfigurationPlatforms) = postSolution
		{3A5CA133-1B36-4EDE-9888-011DF15C7B32}.Debug|Any CPU.ActiveCfg = Debug|Any CPU
		{3A5CA133-1B36-4EDE-9888-011DF15C7B32}.Debug|Any CPU.Build.0 = Debug|Any CPU
		{3A5CA133-1B36-4EDE-9888-011DF15C7B32}.Debug|x64.ActiveCfg = Debug|Any CPU
		{3A5CA133-1B36-4EDE-9888-011DF15C7B32}.Debug|x64.Build.0 = Debug|Any CPU
		{3A5CA133-1B36-4EDE-9888-011DF15C7B32}.Debug|x86.ActiveCfg = Debug|Any CPU
		{3A5CA133-1B36-4EDE-9888-011DF15C7B32}.Debug|x86.Build.0 = Debug|Any CPU
		{3A5CA133-1B36-4EDE-9888-011DF15C7B32}.Release|Any CPU.ActiveCfg = Release|Any CPU
		{3A5CA133-1B36-4EDE-9888-011DF15C7B32}.Release|Any CPU.Build.0 = Release|Any CPU
		{3A5CA133-1B36-4EDE-9888-011DF15C7B32}.Release|x64.ActiveCfg = Release|Any CPU
		{3A5CA133-1B36-4EDE-9888-011DF15C7B32}.Release|x64.Build.0 = Release|Any CPU
		{3A5CA133-1B36-4EDE-9888-011DF15C7B32}.Release|x86.ActiveCfg = Release|Any CPU
		{3A5CA133-1B36-4EDE-9888-011DF15C7B32}.Release|x86.Build.0 = Release|Any CPU
		{DABB69DD-30F1-47E3-949C-2D6748D47F2B}.Debug|Any CPU.ActiveCfg = Debug|x86
		{DABB69DD-30F1-47E3-949C-2D6748D47F2B}.Debug|x64.ActiveCfg = Debug|x64
		{DABB69DD-30F1-47E3-949C-2D6748D47F2B}.Debug|x64.Build.0 = Debug|x64
		{DABB69DD-30F1-47E3-949C-2D6748D47F2B}.Debug|x86.ActiveCfg = Debug|x86
		{DABB69DD-30F1-47E3-949C-2D6748D47F2B}.Debug|x86.Build.0 = Debug|x86
		{DABB69DD-30F1-47E3-949C-2D6748D47F2B}.Release|Any CPU.ActiveCfg = Release|x86
		{DABB69DD-30F1-47E3-949C-2D6748D47F2B}.Release|x64.ActiveCfg = Release|x64
		{DABB69DD-30F1-47E3-949C-2D6748D47F2B}.Release|x64.Build.0 = Release|x64
		{DABB69DD-30F1-47E3-949C-2D6748D47F2B}.Release|x86.ActiveCfg = Release|x86
		{DABB69DD-30F1-47E3-949C-2D6748D47F2B}.Release|x86.Build.0 = Release|x86
		{C4BC378C-6BA2-4CB8-9CA7-06FC61BD068C}.Debug|Any CPU.ActiveCfg = Debug|Any CPU
		{C4BC378C-6BA2-4CB8-9CA7-06FC61BD068C}.Debug|Any CPU.Build.0 = Debug|Any CPU
		{C4BC378C-6BA2-4CB8-9CA7-06FC61BD068C}.Debug|x64.ActiveCfg = Debug|Any CPU
		{C4BC378C-6BA2-4CB8-9CA7-06FC61BD068C}.Debug|x64.Build.0 = Debug|Any CPU
		{C4BC378C-6BA2-4CB8-9CA7-06FC61BD068C}.Debug|x86.ActiveCfg = Debug|Any CPU
		{C4BC378C-6BA2-4CB8-9CA7-06FC61BD068C}.Debug|x86.Build.0 = Debug|Any CPU
		{C4BC378C-6BA2-4CB8-9CA7-06FC61BD068C}.Release|Any CPU.ActiveCfg = Release|Any CPU
		{C4BC378C-6BA2-4CB8-9CA7-06FC61BD068C}.Release|Any CPU.Build.0 = Release|Any CPU
		{C4BC378C-6BA2-4CB8-9CA7-06FC61BD068C}.Release|x64.ActiveCfg = Release|Any CPU
		{C4BC378C-6BA2-4CB8-9CA7-06FC61BD068C}.Release|x64.Build.0 = Release|Any CPU
		{C4BC378C-6BA2-4CB8-9CA7-06FC61BD068C}.Release|x86.ActiveCfg = Release|Any CPU
		{C4BC378C-6BA2-4CB8-9CA7-06FC61BD068C}.Release|x86.Build.0 = Release|Any CPU
		{17F7D524-4A1F-424F-9EE7-B17E8C309003}.Debug|Any CPU.ActiveCfg = Debug|Any CPU
		{17F7D524-4A1F-424F-9EE7-B17E8C309003}.Debug|Any CPU.Build.0 = Debug|Any CPU
		{17F7D524-4A1F-424F-9EE7-B17E8C309003}.Debug|x64.ActiveCfg = Debug|Any CPU
		{17F7D524-4A1F-424F-9EE7-B17E8C309003}.Debug|x64.Build.0 = Debug|Any CPU
		{17F7D524-4A1F-424F-9EE7-B17E8C309003}.Debug|x86.ActiveCfg = Debug|Any CPU
		{17F7D524-4A1F-424F-9EE7-B17E8C309003}.Debug|x86.Build.0 = Debug|Any CPU
		{17F7D524-4A1F-424F-9EE7-B17E8C309003}.Release|Any CPU.ActiveCfg = Release|Any CPU
		{17F7D524-4A1F-424F-9EE7-B17E8C309003}.Release|Any CPU.Build.0 = Release|Any CPU
		{17F7D524-4A1F-424F-9EE7-B17E8C309003}.Release|x64.ActiveCfg = Release|Any CPU
		{17F7D524-4A1F-424F-9EE7-B17E8C309003}.Release|x64.Build.0 = Release|Any CPU
		{17F7D524-4A1F-424F-9EE7-B17E8C309003}.Release|x86.ActiveCfg = Release|Any CPU
		{17F7D524-4A1F-424F-9EE7-B17E8C309003}.Release|x86.Build.0 = Release|Any CPU
		{0DDAAE52-6A20-48AA-9D5D-67662D7A82FF}.Debug|Any CPU.ActiveCfg = Debug|Any CPU
		{0DDAAE52-6A20-48AA-9D5D-67662D7A82FF}.Debug|Any CPU.Build.0 = Debug|Any CPU
		{0DDAAE52-6A20-48AA-9D5D-67662D7A82FF}.Debug|x64.ActiveCfg = Debug|Any CPU
		{0DDAAE52-6A20-48AA-9D5D-67662D7A82FF}.Debug|x64.Build.0 = Debug|Any CPU
		{0DDAAE52-6A20-48AA-9D5D-67662D7A82FF}.Debug|x86.ActiveCfg = Debug|Any CPU
		{0DDAAE52-6A20-48AA-9D5D-67662D7A82FF}.Debug|x86.Build.0 = Debug|Any CPU
		{0DDAAE52-6A20-48AA-9D5D-67662D7A82FF}.Release|Any CPU.ActiveCfg = Release|Any CPU
		{0DDAAE52-6A20-48AA-9D5D-67662D7A82FF}.Release|Any CPU.Build.0 = Release|Any CPU
		{0DDAAE52-6A20-48AA-9D5D-67662D7A82FF}.Release|x64.ActiveCfg = Release|Any CPU
		{0DDAAE52-6A20-48AA-9D5D-67662D7A82FF}.Release|x64.Build.0 = Release|Any CPU
		{0DDAAE52-6A20-48AA-9D5D-67662D7A82FF}.Release|x86.ActiveCfg = Release|Any CPU
		{0DDAAE52-6A20-48AA-9D5D-67662D7A82FF}.Release|x86.Build.0 = Release|Any CPU
		{BC83352D-0EBB-4F56-90AC-92C851B83B63}.Debug|Any CPU.ActiveCfg = Debug|Any CPU
		{BC83352D-0EBB-4F56-90AC-92C851B83B63}.Debug|Any CPU.Build.0 = Debug|Any CPU
		{BC83352D-0EBB-4F56-90AC-92C851B83B63}.Debug|x64.ActiveCfg = Debug|Any CPU
		{BC83352D-0EBB-4F56-90AC-92C851B83B63}.Debug|x64.Build.0 = Debug|Any CPU
		{BC83352D-0EBB-4F56-90AC-92C851B83B63}.Debug|x86.ActiveCfg = Debug|Any CPU
		{BC83352D-0EBB-4F56-90AC-92C851B83B63}.Debug|x86.Build.0 = Debug|Any CPU
		{BC83352D-0EBB-4F56-90AC-92C851B83B63}.Release|Any CPU.ActiveCfg = Release|Any CPU
		{BC83352D-0EBB-4F56-90AC-92C851B83B63}.Release|Any CPU.Build.0 = Release|Any CPU
		{BC83352D-0EBB-4F56-90AC-92C851B83B63}.Release|x64.ActiveCfg = Release|Any CPU
		{BC83352D-0EBB-4F56-90AC-92C851B83B63}.Release|x64.Build.0 = Release|Any CPU
		{BC83352D-0EBB-4F56-90AC-92C851B83B63}.Release|x86.ActiveCfg = Release|Any CPU
		{BC83352D-0EBB-4F56-90AC-92C851B83B63}.Release|x86.Build.0 = Release|Any CPU
		{AAF2AAA8-2789-4C83-B0A0-DF5C46E86BC9}.Debug|Any CPU.ActiveCfg = Debug|Any CPU
		{AAF2AAA8-2789-4C83-B0A0-DF5C46E86BC9}.Debug|Any CPU.Build.0 = Debug|Any CPU
		{AAF2AAA8-2789-4C83-B0A0-DF5C46E86BC9}.Debug|x64.ActiveCfg = Debug|Any CPU
		{AAF2AAA8-2789-4C83-B0A0-DF5C46E86BC9}.Debug|x64.Build.0 = Debug|Any CPU
		{AAF2AAA8-2789-4C83-B0A0-DF5C46E86BC9}.Debug|x86.ActiveCfg = Debug|Any CPU
		{AAF2AAA8-2789-4C83-B0A0-DF5C46E86BC9}.Debug|x86.Build.0 = Debug|Any CPU
		{AAF2AAA8-2789-4C83-B0A0-DF5C46E86BC9}.Release|Any CPU.ActiveCfg = Release|Any CPU
		{AAF2AAA8-2789-4C83-B0A0-DF5C46E86BC9}.Release|Any CPU.Build.0 = Release|Any CPU
		{AAF2AAA8-2789-4C83-B0A0-DF5C46E86BC9}.Release|x64.ActiveCfg = Release|Any CPU
		{AAF2AAA8-2789-4C83-B0A0-DF5C46E86BC9}.Release|x64.Build.0 = Release|Any CPU
		{AAF2AAA8-2789-4C83-B0A0-DF5C46E86BC9}.Release|x86.ActiveCfg = Release|Any CPU
		{AAF2AAA8-2789-4C83-B0A0-DF5C46E86BC9}.Release|x86.Build.0 = Release|Any CPU
		{EB49510D-D168-429F-BA8A-255F7CB53B84}.Debug|Any CPU.ActiveCfg = Debug|Any CPU
		{EB49510D-D168-429F-BA8A-255F7CB53B84}.Debug|Any CPU.Build.0 = Debug|Any CPU
		{EB49510D-D168-429F-BA8A-255F7CB53B84}.Debug|x64.ActiveCfg = Debug|Any CPU
		{EB49510D-D168-429F-BA8A-255F7CB53B84}.Debug|x64.Build.0 = Debug|Any CPU
		{EB49510D-D168-429F-BA8A-255F7CB53B84}.Debug|x86.ActiveCfg = Debug|Any CPU
		{EB49510D-D168-429F-BA8A-255F7CB53B84}.Debug|x86.Build.0 = Debug|Any CPU
		{EB49510D-D168-429F-BA8A-255F7CB53B84}.Release|Any CPU.ActiveCfg = Release|Any CPU
		{EB49510D-D168-429F-BA8A-255F7CB53B84}.Release|Any CPU.Build.0 = Release|Any CPU
		{EB49510D-D168-429F-BA8A-255F7CB53B84}.Release|x64.ActiveCfg = Release|Any CPU
		{EB49510D-D168-429F-BA8A-255F7CB53B84}.Release|x64.Build.0 = Release|Any CPU
		{EB49510D-D168-429F-BA8A-255F7CB53B84}.Release|x86.ActiveCfg = Release|Any CPU
		{EB49510D-D168-429F-BA8A-255F7CB53B84}.Release|x86.Build.0 = Release|Any CPU
		{5FDDFB58-BEFC-4A19-BBEC-39FAC06CAE20}.Debug|Any CPU.ActiveCfg = Debug|Any CPU
		{5FDDFB58-BEFC-4A19-BBEC-39FAC06CAE20}.Debug|Any CPU.Build.0 = Debug|Any CPU
		{5FDDFB58-BEFC-4A19-BBEC-39FAC06CAE20}.Debug|x64.ActiveCfg = Debug|Any CPU
		{5FDDFB58-BEFC-4A19-BBEC-39FAC06CAE20}.Debug|x64.Build.0 = Debug|Any CPU
		{5FDDFB58-BEFC-4A19-BBEC-39FAC06CAE20}.Debug|x86.ActiveCfg = Debug|Any CPU
		{5FDDFB58-BEFC-4A19-BBEC-39FAC06CAE20}.Debug|x86.Build.0 = Debug|Any CPU
		{5FDDFB58-BEFC-4A19-BBEC-39FAC06CAE20}.Release|Any CPU.ActiveCfg = Release|Any CPU
		{5FDDFB58-BEFC-4A19-BBEC-39FAC06CAE20}.Release|Any CPU.Build.0 = Release|Any CPU
		{5FDDFB58-BEFC-4A19-BBEC-39FAC06CAE20}.Release|x64.ActiveCfg = Release|Any CPU
		{5FDDFB58-BEFC-4A19-BBEC-39FAC06CAE20}.Release|x64.Build.0 = Release|Any CPU
		{5FDDFB58-BEFC-4A19-BBEC-39FAC06CAE20}.Release|x86.ActiveCfg = Release|Any CPU
		{5FDDFB58-BEFC-4A19-BBEC-39FAC06CAE20}.Release|x86.Build.0 = Release|Any CPU
		{DA75D6F1-9F41-4838-A57C-92E3C0C3E1F0}.Debug|Any CPU.ActiveCfg = Debug|Any CPU
		{DA75D6F1-9F41-4838-A57C-92E3C0C3E1F0}.Debug|Any CPU.Build.0 = Debug|Any CPU
		{DA75D6F1-9F41-4838-A57C-92E3C0C3E1F0}.Debug|x64.ActiveCfg = Debug|Any CPU
		{DA75D6F1-9F41-4838-A57C-92E3C0C3E1F0}.Debug|x64.Build.0 = Debug|Any CPU
		{DA75D6F1-9F41-4838-A57C-92E3C0C3E1F0}.Debug|x86.ActiveCfg = Debug|Any CPU
		{DA75D6F1-9F41-4838-A57C-92E3C0C3E1F0}.Debug|x86.Build.0 = Debug|Any CPU
		{DA75D6F1-9F41-4838-A57C-92E3C0C3E1F0}.Release|Any CPU.ActiveCfg = Release|Any CPU
		{DA75D6F1-9F41-4838-A57C-92E3C0C3E1F0}.Release|Any CPU.Build.0 = Release|Any CPU
		{DA75D6F1-9F41-4838-A57C-92E3C0C3E1F0}.Release|x64.ActiveCfg = Release|Any CPU
		{DA75D6F1-9F41-4838-A57C-92E3C0C3E1F0}.Release|x64.Build.0 = Release|Any CPU
		{DA75D6F1-9F41-4838-A57C-92E3C0C3E1F0}.Release|x86.ActiveCfg = Release|Any CPU
		{DA75D6F1-9F41-4838-A57C-92E3C0C3E1F0}.Release|x86.Build.0 = Release|Any CPU
		{39A1CD6B-56F8-4784-97A8-7B88F4BC20B1}.Debug|Any CPU.ActiveCfg = Debug|Any CPU
		{39A1CD6B-56F8-4784-97A8-7B88F4BC20B1}.Debug|Any CPU.Build.0 = Debug|Any CPU
		{39A1CD6B-56F8-4784-97A8-7B88F4BC20B1}.Debug|x64.ActiveCfg = Debug|Any CPU
		{39A1CD6B-56F8-4784-97A8-7B88F4BC20B1}.Debug|x64.Build.0 = Debug|Any CPU
		{39A1CD6B-56F8-4784-97A8-7B88F4BC20B1}.Debug|x86.ActiveCfg = Debug|Any CPU
		{39A1CD6B-56F8-4784-97A8-7B88F4BC20B1}.Debug|x86.Build.0 = Debug|Any CPU
		{39A1CD6B-56F8-4784-97A8-7B88F4BC20B1}.Release|Any CPU.ActiveCfg = Release|Any CPU
		{39A1CD6B-56F8-4784-97A8-7B88F4BC20B1}.Release|Any CPU.Build.0 = Release|Any CPU
		{39A1CD6B-56F8-4784-97A8-7B88F4BC20B1}.Release|x64.ActiveCfg = Release|Any CPU
		{39A1CD6B-56F8-4784-97A8-7B88F4BC20B1}.Release|x64.Build.0 = Release|Any CPU
		{39A1CD6B-56F8-4784-97A8-7B88F4BC20B1}.Release|x86.ActiveCfg = Release|Any CPU
		{39A1CD6B-56F8-4784-97A8-7B88F4BC20B1}.Release|x86.Build.0 = Release|Any CPU
		{0BD7E732-9874-43AF-BFC5-273EA30356F6}.Debug|Any CPU.ActiveCfg = Debug|Any CPU
		{0BD7E732-9874-43AF-BFC5-273EA30356F6}.Debug|Any CPU.Build.0 = Debug|Any CPU
		{0BD7E732-9874-43AF-BFC5-273EA30356F6}.Debug|x64.ActiveCfg = Debug|Any CPU
		{0BD7E732-9874-43AF-BFC5-273EA30356F6}.Debug|x64.Build.0 = Debug|Any CPU
		{0BD7E732-9874-43AF-BFC5-273EA30356F6}.Debug|x86.ActiveCfg = Debug|Any CPU
		{0BD7E732-9874-43AF-BFC5-273EA30356F6}.Debug|x86.Build.0 = Debug|Any CPU
		{0BD7E732-9874-43AF-BFC5-273EA30356F6}.Release|Any CPU.ActiveCfg = Release|Any CPU
		{0BD7E732-9874-43AF-BFC5-273EA30356F6}.Release|Any CPU.Build.0 = Release|Any CPU
		{0BD7E732-9874-43AF-BFC5-273EA30356F6}.Release|x64.ActiveCfg = Release|Any CPU
		{0BD7E732-9874-43AF-BFC5-273EA30356F6}.Release|x64.Build.0 = Release|Any CPU
		{0BD7E732-9874-43AF-BFC5-273EA30356F6}.Release|x86.ActiveCfg = Release|Any CPU
		{0BD7E732-9874-43AF-BFC5-273EA30356F6}.Release|x86.Build.0 = Release|Any CPU
		{768221EA-AEDD-45E5-8A42-00C2420CF60A}.Debug|Any CPU.ActiveCfg = Debug|Any CPU
		{768221EA-AEDD-45E5-8A42-00C2420CF60A}.Debug|Any CPU.Build.0 = Debug|Any CPU
		{768221EA-AEDD-45E5-8A42-00C2420CF60A}.Debug|x64.ActiveCfg = Debug|Any CPU
		{768221EA-AEDD-45E5-8A42-00C2420CF60A}.Debug|x64.Build.0 = Debug|Any CPU
		{768221EA-AEDD-45E5-8A42-00C2420CF60A}.Debug|x86.ActiveCfg = Debug|Any CPU
		{768221EA-AEDD-45E5-8A42-00C2420CF60A}.Debug|x86.Build.0 = Debug|Any CPU
		{768221EA-AEDD-45E5-8A42-00C2420CF60A}.Release|Any CPU.ActiveCfg = Release|Any CPU
		{768221EA-AEDD-45E5-8A42-00C2420CF60A}.Release|Any CPU.Build.0 = Release|Any CPU
		{768221EA-AEDD-45E5-8A42-00C2420CF60A}.Release|x64.ActiveCfg = Release|Any CPU
		{768221EA-AEDD-45E5-8A42-00C2420CF60A}.Release|x64.Build.0 = Release|Any CPU
		{768221EA-AEDD-45E5-8A42-00C2420CF60A}.Release|x86.ActiveCfg = Release|Any CPU
		{768221EA-AEDD-45E5-8A42-00C2420CF60A}.Release|x86.Build.0 = Release|Any CPU
		{6BD70958-8B0D-4C59-A43A-B1C30D78DC91}.Debug|Any CPU.ActiveCfg = Debug|Any CPU
		{6BD70958-8B0D-4C59-A43A-B1C30D78DC91}.Debug|Any CPU.Build.0 = Debug|Any CPU
		{6BD70958-8B0D-4C59-A43A-B1C30D78DC91}.Debug|x64.ActiveCfg = Debug|Any CPU
		{6BD70958-8B0D-4C59-A43A-B1C30D78DC91}.Debug|x64.Build.0 = Debug|Any CPU
		{6BD70958-8B0D-4C59-A43A-B1C30D78DC91}.Debug|x86.ActiveCfg = Debug|Any CPU
		{6BD70958-8B0D-4C59-A43A-B1C30D78DC91}.Debug|x86.Build.0 = Debug|Any CPU
		{6BD70958-8B0D-4C59-A43A-B1C30D78DC91}.Release|Any CPU.ActiveCfg = Release|Any CPU
		{6BD70958-8B0D-4C59-A43A-B1C30D78DC91}.Release|Any CPU.Build.0 = Release|Any CPU
		{6BD70958-8B0D-4C59-A43A-B1C30D78DC91}.Release|x64.ActiveCfg = Release|Any CPU
		{6BD70958-8B0D-4C59-A43A-B1C30D78DC91}.Release|x64.Build.0 = Release|Any CPU
		{6BD70958-8B0D-4C59-A43A-B1C30D78DC91}.Release|x86.ActiveCfg = Release|Any CPU
		{6BD70958-8B0D-4C59-A43A-B1C30D78DC91}.Release|x86.Build.0 = Release|Any CPU
		{C6DF55CC-4FC8-4C0C-AD11-2AD23D9F4FB3}.Debug|Any CPU.ActiveCfg = Debug|Any CPU
		{C6DF55CC-4FC8-4C0C-AD11-2AD23D9F4FB3}.Debug|Any CPU.Build.0 = Debug|Any CPU
		{C6DF55CC-4FC8-4C0C-AD11-2AD23D9F4FB3}.Debug|x64.ActiveCfg = Debug|Any CPU
		{C6DF55CC-4FC8-4C0C-AD11-2AD23D9F4FB3}.Debug|x64.Build.0 = Debug|Any CPU
		{C6DF55CC-4FC8-4C0C-AD11-2AD23D9F4FB3}.Debug|x86.ActiveCfg = Debug|Any CPU
		{C6DF55CC-4FC8-4C0C-AD11-2AD23D9F4FB3}.Debug|x86.Build.0 = Debug|Any CPU
		{C6DF55CC-4FC8-4C0C-AD11-2AD23D9F4FB3}.Release|Any CPU.ActiveCfg = Release|Any CPU
		{C6DF55CC-4FC8-4C0C-AD11-2AD23D9F4FB3}.Release|Any CPU.Build.0 = Release|Any CPU
		{C6DF55CC-4FC8-4C0C-AD11-2AD23D9F4FB3}.Release|x64.ActiveCfg = Release|Any CPU
		{C6DF55CC-4FC8-4C0C-AD11-2AD23D9F4FB3}.Release|x64.Build.0 = Release|Any CPU
		{C6DF55CC-4FC8-4C0C-AD11-2AD23D9F4FB3}.Release|x86.ActiveCfg = Release|Any CPU
		{C6DF55CC-4FC8-4C0C-AD11-2AD23D9F4FB3}.Release|x86.Build.0 = Release|Any CPU
		{4A95797B-9260-40A5-92E0-3D9AD44F3C41}.Debug|Any CPU.ActiveCfg = Debug|Any CPU
		{4A95797B-9260-40A5-92E0-3D9AD44F3C41}.Debug|Any CPU.Build.0 = Debug|Any CPU
		{4A95797B-9260-40A5-92E0-3D9AD44F3C41}.Debug|x64.ActiveCfg = Debug|Any CPU
		{4A95797B-9260-40A5-92E0-3D9AD44F3C41}.Debug|x64.Build.0 = Debug|Any CPU
		{4A95797B-9260-40A5-92E0-3D9AD44F3C41}.Debug|x86.ActiveCfg = Debug|Any CPU
		{4A95797B-9260-40A5-92E0-3D9AD44F3C41}.Debug|x86.Build.0 = Debug|Any CPU
		{4A95797B-9260-40A5-92E0-3D9AD44F3C41}.Release|Any CPU.ActiveCfg = Release|Any CPU
		{4A95797B-9260-40A5-92E0-3D9AD44F3C41}.Release|Any CPU.Build.0 = Release|Any CPU
		{4A95797B-9260-40A5-92E0-3D9AD44F3C41}.Release|x64.ActiveCfg = Release|Any CPU
		{4A95797B-9260-40A5-92E0-3D9AD44F3C41}.Release|x64.Build.0 = Release|Any CPU
		{4A95797B-9260-40A5-92E0-3D9AD44F3C41}.Release|x86.ActiveCfg = Release|Any CPU
		{4A95797B-9260-40A5-92E0-3D9AD44F3C41}.Release|x86.Build.0 = Release|Any CPU
		{E7F3AD65-55A9-439E-AFB4-3CB87E4FDC5D}.Debug|Any CPU.ActiveCfg = Debug|Any CPU
		{E7F3AD65-55A9-439E-AFB4-3CB87E4FDC5D}.Debug|Any CPU.Build.0 = Debug|Any CPU
		{E7F3AD65-55A9-439E-AFB4-3CB87E4FDC5D}.Debug|x64.ActiveCfg = Debug|Any CPU
		{E7F3AD65-55A9-439E-AFB4-3CB87E4FDC5D}.Debug|x64.Build.0 = Debug|Any CPU
		{E7F3AD65-55A9-439E-AFB4-3CB87E4FDC5D}.Debug|x86.ActiveCfg = Debug|Any CPU
		{E7F3AD65-55A9-439E-AFB4-3CB87E4FDC5D}.Debug|x86.Build.0 = Debug|Any CPU
		{E7F3AD65-55A9-439E-AFB4-3CB87E4FDC5D}.Release|Any CPU.ActiveCfg = Release|Any CPU
		{E7F3AD65-55A9-439E-AFB4-3CB87E4FDC5D}.Release|Any CPU.Build.0 = Release|Any CPU
		{E7F3AD65-55A9-439E-AFB4-3CB87E4FDC5D}.Release|x64.ActiveCfg = Release|Any CPU
		{E7F3AD65-55A9-439E-AFB4-3CB87E4FDC5D}.Release|x64.Build.0 = Release|Any CPU
		{E7F3AD65-55A9-439E-AFB4-3CB87E4FDC5D}.Release|x86.ActiveCfg = Release|Any CPU
		{E7F3AD65-55A9-439E-AFB4-3CB87E4FDC5D}.Release|x86.Build.0 = Release|Any CPU
		{E128F7DF-8A1C-420B-8C6D-3F56481844E6}.Debug|Any CPU.ActiveCfg = Debug|Any CPU
		{E128F7DF-8A1C-420B-8C6D-3F56481844E6}.Debug|Any CPU.Build.0 = Debug|Any CPU
		{E128F7DF-8A1C-420B-8C6D-3F56481844E6}.Debug|x64.ActiveCfg = Debug|Any CPU
		{E128F7DF-8A1C-420B-8C6D-3F56481844E6}.Debug|x64.Build.0 = Debug|Any CPU
		{E128F7DF-8A1C-420B-8C6D-3F56481844E6}.Debug|x86.ActiveCfg = Debug|Any CPU
		{E128F7DF-8A1C-420B-8C6D-3F56481844E6}.Debug|x86.Build.0 = Debug|Any CPU
		{E128F7DF-8A1C-420B-8C6D-3F56481844E6}.Release|Any CPU.ActiveCfg = Release|Any CPU
		{E128F7DF-8A1C-420B-8C6D-3F56481844E6}.Release|Any CPU.Build.0 = Release|Any CPU
		{E128F7DF-8A1C-420B-8C6D-3F56481844E6}.Release|x64.ActiveCfg = Release|Any CPU
		{E128F7DF-8A1C-420B-8C6D-3F56481844E6}.Release|x64.Build.0 = Release|Any CPU
		{E128F7DF-8A1C-420B-8C6D-3F56481844E6}.Release|x86.ActiveCfg = Release|Any CPU
		{E128F7DF-8A1C-420B-8C6D-3F56481844E6}.Release|x86.Build.0 = Release|Any CPU
		{7C1BAFC0-DF1C-4FA5-8588-CCCC41C24B9C}.Debug|Any CPU.ActiveCfg = Debug|Any CPU
		{7C1BAFC0-DF1C-4FA5-8588-CCCC41C24B9C}.Debug|Any CPU.Build.0 = Debug|Any CPU
		{7C1BAFC0-DF1C-4FA5-8588-CCCC41C24B9C}.Debug|x64.ActiveCfg = Debug|Any CPU
		{7C1BAFC0-DF1C-4FA5-8588-CCCC41C24B9C}.Debug|x64.Build.0 = Debug|Any CPU
		{7C1BAFC0-DF1C-4FA5-8588-CCCC41C24B9C}.Debug|x86.ActiveCfg = Debug|Any CPU
		{7C1BAFC0-DF1C-4FA5-8588-CCCC41C24B9C}.Debug|x86.Build.0 = Debug|Any CPU
		{7C1BAFC0-DF1C-4FA5-8588-CCCC41C24B9C}.Release|Any CPU.ActiveCfg = Release|Any CPU
		{7C1BAFC0-DF1C-4FA5-8588-CCCC41C24B9C}.Release|Any CPU.Build.0 = Release|Any CPU
		{7C1BAFC0-DF1C-4FA5-8588-CCCC41C24B9C}.Release|x64.ActiveCfg = Release|Any CPU
		{7C1BAFC0-DF1C-4FA5-8588-CCCC41C24B9C}.Release|x64.Build.0 = Release|Any CPU
		{7C1BAFC0-DF1C-4FA5-8588-CCCC41C24B9C}.Release|x86.ActiveCfg = Release|Any CPU
		{7C1BAFC0-DF1C-4FA5-8588-CCCC41C24B9C}.Release|x86.Build.0 = Release|Any CPU
	EndGlobalSection
	GlobalSection(SolutionProperties) = preSolution
		HideSolutionNode = FALSE
	EndGlobalSection
	GlobalSection(ExtensibilityGlobals) = postSolution
		SolutionGuid = {E19FFF11-8359-40BC-B4C7-DE68BA98E37E}
	EndGlobalSection
EndGlobal
